{
  "name": "kalsteinPerfiles",
  "version": "1.0.0",
  "lockfileVersion": 1,
  "requires": true,
  "dependencies": {
    "@babel/runtime": {
      "version": "7.23.9",
      "resolved": "https://registry.npmjs.org/@babel/runtime/-/runtime-7.23.9.tgz",
      "integrity": "sha512-0CX6F+BI2s9dkUqr08KFrAIZgNFj75rdBU/DjCyYLIaV/quFjkk6T+EJ2LkZHyZTbEV4L5p97mNkUsHl2wLFAw==",
      "requires": {
        "regenerator-runtime": "^0.14.0"
      }
    },
    "i18next": {
      "version": "23.10.0",
      "resolved": "https://registry.npmjs.org/i18next/-/i18next-23.10.0.tgz",
      "integrity": "sha512-/TgHOqsa7/9abUKJjdPeydoyDc0oTi/7u9F8lMSj6ufg4cbC1Oj3f/Jja7zj7WRIhEQKB7Q4eN6y68I9RDxxGQ==",
      "requires": {
        "@babel/runtime": "^7.23.2"
      }
    },
    "regenerator-runtime": {
      "version": "0.14.1",
      "resolved": "https://registry.npmjs.org/regenerator-runtime/-/regenerator-runtime-0.14.1.tgz",
      "integrity": "sha512-dYnhHh0nJoMfnkZs6GmmhFknAGRrLznOu5nc9ML+EJxGvrx6H7teuevqVqCuPcPK//3eDrrjQhehXVx9cnkGdw=="
    }
  }
}
